
Microsoft Visual Studio Solution File, Format Version 12.00
# Visual Studio 15
VisualStudioVersion = 15.0.28307.329
MinimumVisualStudioVersion = 10.0.40219.1
Project("{FAE04EC0-301F-11D3-BF4B-00C04F79EFBC}") = "ProjetoTeste.Android", "ProjetoTeste\ProjetoTeste.Android\ProjetoTeste.Android.csproj", "{664835D3-6567-4655-9B97-339C9E8EE432}"
EndProject
Project("{FAE04EC0-301F-11D3-BF4B-00C04F79EFBC}") = "ProjetoTeste.iOS", "ProjetoTeste\ProjetoTeste.iOS\ProjetoTeste.iOS.csproj", "{9C638DC2-D95D-4A08-9BFB-40BD92017CB9}"
EndProject
Project("{FAE04EC0-301F-11D3-BF4B-00C04F79EFBC}") = "ProjetoTeste.UWP", "ProjetoTeste\ProjetoTeste.UWP\ProjetoTeste.UWP.csproj", "{64403AEE-DD8D-49DB-B8C9-8EAB854289CB}"
EndProject
Project("{FAE04EC0-301F-11D3-BF4B-00C04F79EFBC}") = "ProjetoTeste", "ProjetoTeste\ProjetoTeste\ProjetoTeste.csproj", "{EAD4719D-F053-4F3F-AC05-7C3491AF01AD}"
EndProject
Global
	GlobalSection(SolutionConfigurationPlatforms) = preSolution
		Ad-Hoc|Any CPU = Ad-Hoc|Any CPU
		Ad-Hoc|ARM = Ad-Hoc|ARM
		Ad-Hoc|iPhone = Ad-Hoc|iPhone
		Ad-Hoc|iPhoneSimulator = Ad-Hoc|iPhoneSimulator
		Ad-Hoc|x64 = Ad-Hoc|x64
		Ad-Hoc|x86 = Ad-Hoc|x86
		AppStore|Any CPU = AppStore|Any CPU
		AppStore|ARM = AppStore|ARM
		AppStore|iPhone = AppStore|iPhone
		AppStore|iPhoneSimulator = AppStore|iPhoneSimulator
		AppStore|x64 = AppStore|x64
		AppStore|x86 = AppStore|x86
		Debug|Any CPU = Debug|Any CPU
		Debug|ARM = Debug|ARM
		Debug|iPhone = Debug|iPhone
		Debug|iPhoneSimulator = Debug|iPhoneSimulator
		Debug|x64 = Debug|x64
		Debug|x86 = Debug|x86
		Release|Any CPU = Release|Any CPU
		Release|ARM = Release|ARM
		Release|iPhone = Release|iPhone
		Release|iPhoneSimulator = Release|iPhoneSimulator
		Release|x64 = Release|x64
		Release|x86 = Release|x86
	EndGlobalSection
	GlobalSection(ProjectConfigurationPlatforms) = postSolution
		{664835D3-6567-4655-9B97-339C9E8EE432}.Ad-Hoc|Any CPU.ActiveCfg = Release|Any CPU
		{664835D3-6567-4655-9B97-339C9E8EE432}.Ad-Hoc|Any CPU.Build.0 = Release|Any CPU
		{664835D3-6567-4655-9B97-339C9E8EE432}.Ad-Hoc|Any CPU.Deploy.0 = Release|Any CPU
		{664835D3-6567-4655-9B97-339C9E8EE432}.Ad-Hoc|ARM.ActiveCfg = Release|Any CPU
		{664835D3-6567-4655-9B97-339C9E8EE432}.Ad-Hoc|ARM.Build.0 = Release|Any CPU
		{664835D3-6567-4655-9B97-339C9E8EE432}.Ad-Hoc|ARM.Deploy.0 = Release|Any CPU
		{664835D3-6567-4655-9B97-339C9E8EE432}.Ad-Hoc|iPhone.ActiveCfg = Release|Any CPU
		{664835D3-6567-4655-9B97-339C9E8EE432}.Ad-Hoc|iPhone.Build.0 = Release|Any CPU
		{664835D3-6567-4655-9B97-339C9E8EE432}.Ad-Hoc|iPhone.Deploy.0 = Release|Any CPU
		{664835D3-6567-4655-9B97-339C9E8EE432}.Ad-Hoc|iPhoneSimulator.ActiveCfg = Release|Any CPU
		{664835D3-6567-4655-9B97-339C9E8EE432}.Ad-Hoc|iPhoneSimulator.Build.0 = Release|Any CPU
		{664835D3-6567-4655-9B97-339C9E8EE432}.Ad-Hoc|iPhoneSimulator.Deploy.0 = Release|Any CPU
		{664835D3-6567-4655-9B97-339C9E8EE432}.Ad-Hoc|x64.ActiveCfg = Release|Any CPU
		{664835D3-6567-4655-9B97-339C9E8EE432}.Ad-Hoc|x64.Build.0 = Release|Any CPU
		{664835D3-6567-4655-9B97-339C9E8EE432}.Ad-Hoc|x64.Deploy.0 = Release|Any CPU
		{664835D3-6567-4655-9B97-339C9E8EE432}.Ad-Hoc|x86.ActiveCfg = Release|Any CPU
		{664835D3-6567-4655-9B97-339C9E8EE432}.Ad-Hoc|x86.Build.0 = Release|Any CPU
		{664835D3-6567-4655-9B97-339C9E8EE432}.Ad-Hoc|x86.Deploy.0 = Release|Any CPU
		{664835D3-6567-4655-9B97-339C9E8EE432}.AppStore|Any CPU.ActiveCfg = Release|Any CPU
		{664835D3-6567-4655-9B97-339C9E8EE432}.AppStore|Any CPU.Build.0 = Release|Any CPU
		{664835D3-6567-4655-9B97-339C9E8EE432}.AppStore|Any CPU.Deploy.0 = Release|Any CPU
		{664835D3-6567-4655-9B97-339C9E8EE432}.AppStore|ARM.ActiveCfg = Release|Any CPU
		{664835D3-6567-4655-9B97-339C9E8EE432}.AppStore|ARM.Build.0 = Release|Any CPU
		{664835D3-6567-4655-9B97-339C9E8EE432}.AppStore|ARM.Deploy.0 = Release|Any CPU
		{664835D3-6567-4655-9B97-339C9E8EE432}.AppStore|iPhone.ActiveCfg = Release|Any CPU
		{664835D3-6567-4655-9B97-339C9E8EE432}.AppStore|iPhone.Build.0 = Release|Any CPU
		{664835D3-6567-4655-9B97-339C9E8EE432}.AppStore|iPhone.Deploy.0 = Release|Any CPU
		{664835D3-6567-4655-9B97-339C9E8EE432}.AppStore|iPhoneSimulator.ActiveCfg = Release|Any CPU
		{664835D3-6567-4655-9B97-339C9E8EE432}.AppStore|iPhoneSimulator.Build.0 = Release|Any CPU
		{664835D3-6567-4655-9B97-339C9E8EE432}.AppStore|iPhoneSimulator.Deploy.0 = Release|Any CPU
		{664835D3-6567-4655-9B97-339C9E8EE432}.AppStore|x64.ActiveCfg = Release|Any CPU
		{664835D3-6567-4655-9B97-339C9E8EE432}.AppStore|x64.Build.0 = Release|Any CPU
		{664835D3-6567-4655-9B97-339C9E8EE432}.AppStore|x64.Deploy.0 = Release|Any CPU
		{664835D3-6567-4655-9B97-339C9E8EE432}.AppStore|x86.ActiveCfg = Release|Any CPU
		{664835D3-6567-4655-9B97-339C9E8EE432}.AppStore|x86.Build.0 = Release|Any CPU
		{664835D3-6567-4655-9B97-339C9E8EE432}.AppStore|x86.Deploy.0 = Release|Any CPU
		{664835D3-6567-4655-9B97-339C9E8EE432}.Debug|Any CPU.ActiveCfg = Debug|Any CPU
		{664835D3-6567-4655-9B97-339C9E8EE432}.Debug|Any CPU.Build.0 = Debug|Any CPU
		{664835D3-6567-4655-9B97-339C9E8EE432}.Debug|Any CPU.Deploy.0 = Debug|Any CPU
		{664835D3-6567-4655-9B97-339C9E8EE432}.Debug|ARM.ActiveCfg = Debug|Any CPU
		{664835D3-6567-4655-9B97-339C9E8EE432}.Debug|ARM.Build.0 = Debug|Any CPU
		{664835D3-6567-4655-9B97-339C9E8EE432}.Debug|ARM.Deploy.0 = Debug|Any CPU
		{664835D3-6567-4655-9B97-339C9E8EE432}.Debug|iPhone.ActiveCfg = Debug|Any CPU
		{664835D3-6567-4655-9B97-339C9E8EE432}.Debug|iPhone.Build.0 = Debug|Any CPU
		{664835D3-6567-4655-9B97-339C9E8EE432}.Debug|iPhone.Deploy.0 = Debug|Any CPU
		{664835D3-6567-4655-9B97-339C9E8EE432}.Debug|iPhoneSimulator.ActiveCfg = Debug|Any CPU
		{664835D3-6567-4655-9B97-339C9E8EE432}.Debug|iPhoneSimulator.Build.0 = Debug|Any CPU
		{664835D3-6567-4655-9B97-339C9E8EE432}.Debug|iPhoneSimulator.Deploy.0 = Debug|Any CPU
		{664835D3-6567-4655-9B97-339C9E8EE432}.Debug|x64.ActiveCfg = Debug|Any CPU
		{664835D3-6567-4655-9B97-339C9E8EE432}.Debug|x64.Build.0 = Debug|Any CPU
		{664835D3-6567-4655-9B97-339C9E8EE432}.Debug|x64.Deploy.0 = Debug|Any CPU
		{664835D3-6567-4655-9B97-339C9E8EE432}.Debug|x86.ActiveCfg = Debug|Any CPU
		{664835D3-6567-4655-9B97-339C9E8EE432}.Debug|x86.Build.0 = Debug|Any CPU
		{664835D3-6567-4655-9B97-339C9E8EE432}.Debug|x86.Deploy.0 = Debug|Any CPU
		{664835D3-6567-4655-9B97-339C9E8EE432}.Release|Any CPU.ActiveCfg = Release|Any CPU
		{664835D3-6567-4655-9B97-339C9E8EE432}.Release|Any CPU.Build.0 = Release|Any CPU
		{664835D3-6567-4655-9B97-339C9E8EE432}.Release|Any CPU.Deploy.0 = Release|Any CPU
		{664835D3-6567-4655-9B97-339C9E8EE432}.Release|ARM.ActiveCfg = Release|Any CPU
		{664835D3-6567-4655-9B97-339C9E8EE432}.Release|ARM.Build.0 = Release|Any CPU
		{664835D3-6567-4655-9B97-339C9E8EE432}.Release|ARM.Deploy.0 = Release|Any CPU
		{664835D3-6567-4655-9B97-339C9E8EE432}.Release|iPhone.ActiveCfg = Release|Any CPU
		{664835D3-6567-4655-9B97-339C9E8EE432}.Release|iPhone.Build.0 = Release|Any CPU
		{664835D3-6567-4655-9B97-339C9E8EE432}.Release|iPhone.Deploy.0 = Release|Any CPU
		{664835D3-6567-4655-9B97-339C9E8EE432}.Release|iPhoneSimulator.ActiveCfg = Release|Any CPU
		{664835D3-6567-4655-9B97-339C9E8EE432}.Release|iPhoneSimulator.Build.0 = Release|Any CPU
		{664835D3-6567-4655-9B97-339C9E8EE432}.Release|iPhoneSimulator.Deploy.0 = Release|Any CPU
		{664835D3-6567-4655-9B97-339C9E8EE432}.Release|x64.ActiveCfg = Release|Any CPU
		{664835D3-6567-4655-9B97-339C9E8EE432}.Release|x64.Build.0 = Release|Any CPU
		{664835D3-6567-4655-9B97-339C9E8EE432}.Release|x64.Deploy.0 = Release|Any CPU
		{664835D3-6567-4655-9B97-339C9E8EE432}.Release|x86.ActiveCfg = Release|Any CPU
		{664835D3-6567-4655-9B97-339C9E8EE432}.Release|x86.Build.0 = Release|Any CPU
		{664835D3-6567-4655-9B97-339C9E8EE432}.Release|x86.Deploy.0 = Release|Any CPU
		{9C638DC2-D95D-4A08-9BFB-40BD92017CB9}.Ad-Hoc|Any CPU.ActiveCfg = Ad-Hoc|iPhone
		{9C638DC2-D95D-4A08-9BFB-40BD92017CB9}.Ad-Hoc|Any CPU.Build.0 = Ad-Hoc|iPhone
		{9C638DC2-D95D-4A08-9BFB-40BD92017CB9}.Ad-Hoc|Any CPU.Deploy.0 = Ad-Hoc|iPhone
		{9C638DC2-D95D-4A08-9BFB-40BD92017CB9}.Ad-Hoc|ARM.ActiveCfg = Ad-Hoc|iPhone
		{9C638DC2-D95D-4A08-9BFB-40BD92017CB9}.Ad-Hoc|ARM.Build.0 = Ad-Hoc|iPhone
		{9C638DC2-D95D-4A08-9BFB-40BD92017CB9}.Ad-Hoc|ARM.Deploy.0 = Ad-Hoc|iPhone
		{9C638DC2-D95D-4A08-9BFB-40BD92017CB9}.Ad-Hoc|iPhone.ActiveCfg = Ad-Hoc|iPhone
		{9C638DC2-D95D-4A08-9BFB-40BD92017CB9}.Ad-Hoc|iPhone.Build.0 = Ad-Hoc|iPhone
		{9C638DC2-D95D-4A08-9BFB-40BD92017CB9}.Ad-Hoc|iPhone.Deploy.0 = Ad-Hoc|iPhone
		{9C638DC2-D95D-4A08-9BFB-40BD92017CB9}.Ad-Hoc|iPhoneSimulator.ActiveCfg = Ad-Hoc|iPhoneSimulator
		{9C638DC2-D95D-4A08-9BFB-40BD92017CB9}.Ad-Hoc|iPhoneSimulator.Build.0 = Ad-Hoc|iPhoneSimulator
		{9C638DC2-D95D-4A08-9BFB-40BD92017CB9}.Ad-Hoc|iPhoneSimulator.Deploy.0 = Ad-Hoc|iPhoneSimulator
		{9C638DC2-D95D-4A08-9BFB-40BD92017CB9}.Ad-Hoc|x64.ActiveCfg = Ad-Hoc|iPhone
		{9C638DC2-D95D-4A08-9BFB-40BD92017CB9}.Ad-Hoc|x64.Build.0 = Ad-Hoc|iPhone
		{9C638DC2-D95D-4A08-9BFB-40BD92017CB9}.Ad-Hoc|x64.Deploy.0 = Ad-Hoc|iPhone
		{9C638DC2-D95D-4A08-9BFB-40BD92017CB9}.Ad-Hoc|x86.ActiveCfg = Ad-Hoc|iPhone
		{9C638DC2-D95D-4A08-9BFB-40BD92017CB9}.Ad-Hoc|x86.Build.0 = Ad-Hoc|iPhone
		{9C638DC2-D95D-4A08-9BFB-40BD92017CB9}.Ad-Hoc|x86.Deploy.0 = Ad-Hoc|iPhone
		{9C638DC2-D95D-4A08-9BFB-40BD92017CB9}.AppStore|Any CPU.ActiveCfg = AppStore|iPhone
		{9C638DC2-D95D-4A08-9BFB-40BD92017CB9}.AppStore|Any CPU.Build.0 = AppStore|iPhone
		{9C638DC2-D95D-4A08-9BFB-40BD92017CB9}.AppStore|Any CPU.Deploy.0 = AppStore|iPhone
		{9C638DC2-D95D-4A08-9BFB-40BD92017CB9}.AppStore|ARM.ActiveCfg = AppStore|iPhone
		{9C638DC2-D95D-4A08-9BFB-40BD92017CB9}.AppStore|ARM.Build.0 = AppStore|iPhone
		{9C638DC2-D95D-4A08-9BFB-40BD92017CB9}.AppStore|ARM.Deploy.0 = AppStore|iPhone
		{9C638DC2-D95D-4A08-9BFB-40BD92017CB9}.AppStore|iPhone.ActiveCfg = AppStore|iPhone
		{9C638DC2-D95D-4A08-9BFB-40BD92017CB9}.AppStore|iPhone.Build.0 = AppStore|iPhone
		{9C638DC2-D95D-4A08-9BFB-40BD92017CB9}.AppStore|iPhone.Deploy.0 = AppStore|iPhone
		{9C638DC2-D95D-4A08-9BFB-40BD92017CB9}.AppStore|iPhoneSimulator.ActiveCfg = AppStore|iPhoneSimulator
		{9C638DC2-D95D-4A08-9BFB-40BD92017CB9}.AppStore|iPhoneSimulator.Build.0 = AppStore|iPhoneSimulator
		{9C638DC2-D95D-4A08-9BFB-40BD92017CB9}.AppStore|iPhoneSimulator.Deploy.0 = AppStore|iPhoneSimulator
		{9C638DC2-D95D-4A08-9BFB-40BD92017CB9}.AppStore|x64.ActiveCfg = AppStore|iPhone
		{9C638DC2-D95D-4A08-9BFB-40BD92017CB9}.AppStore|x64.Build.0 = AppStore|iPhone
		{9C638DC2-D95D-4A08-9BFB-40BD92017CB9}.AppStore|x64.Deploy.0 = AppStore|iPhone
		{9C638DC2-D95D-4A08-9BFB-40BD92017CB9}.AppStore|x86.ActiveCfg = AppStore|iPhone
		{9C638DC2-D95D-4A08-9BFB-40BD92017CB9}.AppStore|x86.Build.0 = AppStore|iPhone
		{9C638DC2-D95D-4A08-9BFB-40BD92017CB9}.AppStore|x86.Deploy.0 = AppStore|iPhone
		{9C638DC2-D95D-4A08-9BFB-40BD92017CB9}.Debug|Any CPU.ActiveCfg = Debug|iPhoneSimulator
		{9C638DC2-D95D-4A08-9BFB-40BD92017CB9}.Debug|Any CPU.Build.0 = Debug|iPhoneSimulator
		{9C638DC2-D95D-4A08-9BFB-40BD92017CB9}.Debug|Any CPU.Deploy.0 = Debug|iPhoneSimulator
		{9C638DC2-D95D-4A08-9BFB-40BD92017CB9}.Debug|ARM.ActiveCfg = Debug|iPhone
		{9C638DC2-D95D-4A08-9BFB-40BD92017CB9}.Debug|ARM.Build.0 = Debug|iPhone
		{9C638DC2-D95D-4A08-9BFB-40BD92017CB9}.Debug|ARM.Deploy.0 = Debug|iPhone
		{9C638DC2-D95D-4A08-9BFB-40BD92017CB9}.Debug|iPhone.ActiveCfg = Debug|iPhone
		{9C638DC2-D95D-4A08-9BFB-40BD92017CB9}.Debug|iPhone.Build.0 = Debug|iPhone
		{9C638DC2-D95D-4A08-9BFB-40BD92017CB9}.Debug|iPhone.Deploy.0 = Debug|iPhone
		{9C638DC2-D95D-4A08-9BFB-40BD92017CB9}.Debug|iPhoneSimulator.ActiveCfg = Debug|iPhoneSimulator
		{9C638DC2-D95D-4A08-9BFB-40BD92017CB9}.Debug|iPhoneSimulator.Build.0 = Debug|iPhoneSimulator
		{9C638DC2-D95D-4A08-9BFB-40BD92017CB9}.Debug|iPhoneSimulator.Deploy.0 = Debug|iPhoneSimulator
		{9C638DC2-D95D-4A08-9BFB-40BD92017CB9}.Debug|x64.ActiveCfg = Debug|iPhone
		{9C638DC2-D95D-4A08-9BFB-40BD92017CB9}.Debug|x64.Build.0 = Debug|iPhone
		{9C638DC2-D95D-4A08-9BFB-40BD92017CB9}.Debug|x64.Deploy.0 = Debug|iPhone
		{9C638DC2-D95D-4A08-9BFB-40BD92017CB9}.Debug|x86.ActiveCfg = Debug|iPhone
		{9C638DC2-D95D-4A08-9BFB-40BD92017CB9}.Debug|x86.Build.0 = Debug|iPhone
		{9C638DC2-D95D-4A08-9BFB-40BD92017CB9}.Debug|x86.Deploy.0 = Debug|iPhone
		{9C638DC2-D95D-4A08-9BFB-40BD92017CB9}.Release|Any CPU.ActiveCfg = Release|iPhone
		{9C638DC2-D95D-4A08-9BFB-40BD92017CB9}.Release|Any CPU.Build.0 = Release|iPhone
		{9C638DC2-D95D-4A08-9BFB-40BD92017CB9}.Release|Any CPU.Deploy.0 = Release|iPhone
		{9C638DC2-D95D-4A08-9BFB-40BD92017CB9}.Release|ARM.ActiveCfg = Release|iPhone
		{9C638DC2-D95D-4A08-9BFB-40BD92017CB9}.Release|ARM.Build.0 = Release|iPhone
		{9C638DC2-D95D-4A08-9BFB-40BD92017CB9}.Release|ARM.Deploy.0 = Release|iPhone
		{9C638DC2-D95D-4A08-9BFB-40BD92017CB9}.Release|iPhone.ActiveCfg = Release|iPhone
		{9C638DC2-D95D-4A08-9BFB-40BD92017CB9}.Release|iPhone.Build.0 = Release|iPhone
		{9C638DC2-D95D-4A08-9BFB-40BD92017CB9}.Release|iPhone.Deploy.0 = Release|iPhone
		{9C638DC2-D95D-4A08-9BFB-40BD92017CB9}.Release|iPhoneSimulator.ActiveCfg = Release|iPhoneSimulator
		{9C638DC2-D95D-4A08-9BFB-40BD92017CB9}.Release|iPhoneSimulator.Build.0 = Release|iPhoneSimulator
		{9C638DC2-D95D-4A08-9BFB-40BD92017CB9}.Release|iPhoneSimulator.Deploy.0 = Release|iPhoneSimulator
		{9C638DC2-D95D-4A08-9BFB-40BD92017CB9}.Release|x64.ActiveCfg = Release|iPhone
		{9C638DC2-D95D-4A08-9BFB-40BD92017CB9}.Release|x64.Build.0 = Release|iPhone
		{9C638DC2-D95D-4A08-9BFB-40BD92017CB9}.Release|x64.Deploy.0 = Release|iPhone
		{9C638DC2-D95D-4A08-9BFB-40BD92017CB9}.Release|x86.ActiveCfg = Release|iPhone
		{9C638DC2-D95D-4A08-9BFB-40BD92017CB9}.Release|x86.Build.0 = Release|iPhone
		{9C638DC2-D95D-4A08-9BFB-40BD92017CB9}.Release|x86.Deploy.0 = Release|iPhone
		{64403AEE-DD8D-49DB-B8C9-8EAB854289CB}.Ad-Hoc|Any CPU.ActiveCfg = Release|x86
		{64403AEE-DD8D-49DB-B8C9-8EAB854289CB}.Ad-Hoc|Any CPU.Build.0 = Release|x86
		{64403AEE-DD8D-49DB-B8C9-8EAB854289CB}.Ad-Hoc|Any CPU.Deploy.0 = Release|x86
		{64403AEE-DD8D-49DB-B8C9-8EAB854289CB}.Ad-Hoc|ARM.ActiveCfg = Release|ARM
		{64403AEE-DD8D-49DB-B8C9-8EAB854289CB}.Ad-Hoc|ARM.Build.0 = Release|ARM
		{64403AEE-DD8D-49DB-B8C9-8EAB854289CB}.Ad-Hoc|ARM.Deploy.0 = Release|ARM
		{64403AEE-DD8D-49DB-B8C9-8EAB854289CB}.Ad-Hoc|iPhone.ActiveCfg = Release|x86
		{64403AEE-DD8D-49DB-B8C9-8EAB854289CB}.Ad-Hoc|iPhone.Build.0 = Release|x86
		{64403AEE-DD8D-49DB-B8C9-8EAB854289CB}.Ad-Hoc|iPhone.Deploy.0 = Release|x86
		{64403AEE-DD8D-49DB-B8C9-8EAB854289CB}.Ad-Hoc|iPhoneSimulator.ActiveCfg = Release|x86
		{64403AEE-DD8D-49DB-B8C9-8EAB854289CB}.Ad-Hoc|iPhoneSimulator.Build.0 = Release|x86
		{64403AEE-DD8D-49DB-B8C9-8EAB854289CB}.Ad-Hoc|iPhoneSimulator.Deploy.0 = Release|x86
		{64403AEE-DD8D-49DB-B8C9-8EAB854289CB}.Ad-Hoc|x64.ActiveCfg = Release|x64
		{64403AEE-DD8D-49DB-B8C9-8EAB854289CB}.Ad-Hoc|x64.Build.0 = Release|x64
		{64403AEE-DD8D-49DB-B8C9-8EAB854289CB}.Ad-Hoc|x64.Deploy.0 = Release|x64
		{64403AEE-DD8D-49DB-B8C9-8EAB854289CB}.Ad-Hoc|x86.ActiveCfg = Release|x86
		{64403AEE-DD8D-49DB-B8C9-8EAB854289CB}.Ad-Hoc|x86.Build.0 = Release|x86
		{64403AEE-DD8D-49DB-B8C9-8EAB854289CB}.Ad-Hoc|x86.Deploy.0 = Release|x86
		{64403AEE-DD8D-49DB-B8C9-8EAB854289CB}.AppStore|Any CPU.ActiveCfg = Release|x86
		{64403AEE-DD8D-49DB-B8C9-8EAB854289CB}.AppStore|Any CPU.Build.0 = Release|x86
		{64403AEE-DD8D-49DB-B8C9-8EAB854289CB}.AppStore|Any CPU.Deploy.0 = Release|x86
		{64403AEE-DD8D-49DB-B8C9-8EAB854289CB}.AppStore|ARM.ActiveCfg = Release|ARM
		{64403AEE-DD8D-49DB-B8C9-8EAB854289CB}.AppStore|ARM.Build.0 = Release|ARM
		{64403AEE-DD8D-49DB-B8C9-8EAB854289CB}.AppStore|ARM.Deploy.0 = Release|ARM
		{64403AEE-DD8D-49DB-B8C9-8EAB854289CB}.AppStore|iPhone.ActiveCfg = Release|x86
		{64403AEE-DD8D-49DB-B8C9-8EAB854289CB}.AppStore|iPhone.Build.0 = Release|x86
		{64403AEE-DD8D-49DB-B8C9-8EAB854289CB}.AppStore|iPhone.Deploy.0 = Release|x86
		{64403AEE-DD8D-49DB-B8C9-8EAB854289CB}.AppStore|iPhoneSimulator.ActiveCfg = Release|x86
		{64403AEE-DD8D-49DB-B8C9-8EAB854289CB}.AppStore|iPhoneSimulator.Build.0 = Release|x86
		{64403AEE-DD8D-49DB-B8C9-8EAB854289CB}.AppStore|iPhoneSimulator.Deploy.0 = Release|x86
		{64403AEE-DD8D-49DB-B8C9-8EAB854289CB}.AppStore|x64.ActiveCfg = Release|x64
		{64403AEE-DD8D-49DB-B8C9-8EAB854289CB}.AppStore|x64.Build.0 = Release|x64
		{64403AEE-DD8D-49DB-B8C9-8EAB854289CB}.AppStore|x64.Deploy.0 = Release|x64
		{64403AEE-DD8D-49DB-B8C9-8EAB854289CB}.AppStore|x86.ActiveCfg = Release|x86
		{64403AEE-DD8D-49DB-B8C9-8EAB854289CB}.AppStore|x86.Build.0 = Release|x86
		{64403AEE-DD8D-49DB-B8C9-8EAB854289CB}.AppStore|x86.Deploy.0 = Release|x86
		{64403AEE-DD8D-49DB-B8C9-8EAB854289CB}.Debug|Any CPU.ActiveCfg = Debug|x86
		{64403AEE-DD8D-49DB-B8C9-8EAB854289CB}.Debug|Any CPU.Build.0 = Debug|x86
		{64403AEE-DD8D-49DB-B8C9-8EAB854289CB}.Debug|Any CPU.Deploy.0 = Debug|x86
		{64403AEE-DD8D-49DB-B8C9-8EAB854289CB}.Debug|ARM.ActiveCfg = Debug|ARM
		{64403AEE-DD8D-49DB-B8C9-8EAB854289CB}.Debug|ARM.Build.0 = Debug|ARM
		{64403AEE-DD8D-49DB-B8C9-8EAB854289CB}.Debug|ARM.Deploy.0 = Debug|ARM
		{64403AEE-DD8D-49DB-B8C9-8EAB854289CB}.Debug|iPhone.ActiveCfg = Debug|x86
		{64403AEE-DD8D-49DB-B8C9-8EAB854289CB}.Debug|iPhone.Build.0 = Debug|x86
		{64403AEE-DD8D-49DB-B8C9-8EAB854289CB}.Debug|iPhone.Deploy.0 = Debug|x86
		{64403AEE-DD8D-49DB-B8C9-8EAB854289CB}.Debug|iPhoneSimulator.ActiveCfg = Debug|x86
		{64403AEE-DD8D-49DB-B8C9-8EAB854289CB}.Debug|iPhoneSimulator.Build.0 = Debug|x86
		{64403AEE-DD8D-49DB-B8C9-8EAB854289CB}.Debug|iPhoneSimulator.Deploy.0 = Debug|x86
		{64403AEE-DD8D-49DB-B8C9-8EAB854289CB}.Debug|x64.ActiveCfg = Debug|x64
		{64403AEE-DD8D-49DB-B8C9-8EAB854289CB}.Debug|x64.Build.0 = Debug|x64
		{64403AEE-DD8D-49DB-B8C9-8EAB854289CB}.Debug|x64.Deploy.0 = Debug|x64
		{64403AEE-DD8D-49DB-B8C9-8EAB854289CB}.Debug|x86.ActiveCfg = Debug|x86
		{64403AEE-DD8D-49DB-B8C9-8EAB854289CB}.Debug|x86.Build.0 = Debug|x86
		{64403AEE-DD8D-49DB-B8C9-8EAB854289CB}.Debug|x86.Deploy.0 = Debug|x86
		{64403AEE-DD8D-49DB-B8C9-8EAB854289CB}.Release|Any CPU.ActiveCfg = Release|x86
		{64403AEE-DD8D-49DB-B8C9-8EAB854289CB}.Release|Any CPU.Build.0 = Release|x86
		{64403AEE-DD8D-49DB-B8C9-8EAB854289CB}.Release|Any CPU.Deploy.0 = Release|x86
		{64403AEE-DD8D-49DB-B8C9-8EAB854289CB}.Release|ARM.ActiveCfg = Release|ARM
		{64403AEE-DD8D-49DB-B8C9-8EAB854289CB}.Release|ARM.Build.0 = Release|ARM
		{64403AEE-DD8D-49DB-B8C9-8EAB854289CB}.Release|ARM.Deploy.0 = Release|ARM
		{64403AEE-DD8D-49DB-B8C9-8EAB854289CB}.Release|iPhone.ActiveCfg = Release|x86
		{64403AEE-DD8D-49DB-B8C9-8EAB854289CB}.Release|iPhone.Build.0 = Release|x86
		{64403AEE-DD8D-49DB-B8C9-8EAB854289CB}.Release|iPhone.Deploy.0 = Release|x86
		{64403AEE-DD8D-49DB-B8C9-8EAB854289CB}.Release|iPhoneSimulator.ActiveCfg = Release|x86
		{64403AEE-DD8D-49DB-B8C9-8EAB854289CB}.Release|iPhoneSimulator.Build.0 = Release|x86
		{64403AEE-DD8D-49DB-B8C9-8EAB854289CB}.Release|iPhoneSimulator.Deploy.0 = Release|x86
		{64403AEE-DD8D-49DB-B8C9-8EAB854289CB}.Release|x64.ActiveCfg = Release|x64
		{64403AEE-DD8D-49DB-B8C9-8EAB854289CB}.Release|x64.Build.0 = Release|x64
		{64403AEE-DD8D-49DB-B8C9-8EAB854289CB}.Release|x64.Deploy.0 = Release|x64
		{64403AEE-DD8D-49DB-B8C9-8EAB854289CB}.Release|x86.ActiveCfg = Release|x86
		{64403AEE-DD8D-49DB-B8C9-8EAB854289CB}.Release|x86.Build.0 = Release|x86
		{64403AEE-DD8D-49DB-B8C9-8EAB854289CB}.Release|x86.Deploy.0 = Release|x86
		{EAD4719D-F053-4F3F-AC05-7C3491AF01AD}.Ad-Hoc|Any CPU.ActiveCfg = Debug|Any CPU
		{EAD4719D-F053-4F3F-AC05-7C3491AF01AD}.Ad-Hoc|Any CPU.Build.0 = Debug|Any CPU
		{EAD4719D-F053-4F3F-AC05-7C3491AF01AD}.Ad-Hoc|Any CPU.Deploy.0 = Debug|Any CPU
		{EAD4719D-F053-4F3F-AC05-7C3491AF01AD}.Ad-Hoc|ARM.ActiveCfg = Debug|Any CPU
		{EAD4719D-F053-4F3F-AC05-7C3491AF01AD}.Ad-Hoc|ARM.Build.0 = Debug|Any CPU
		{EAD4719D-F053-4F3F-AC05-7C3491AF01AD}.Ad-Hoc|ARM.Deploy.0 = Debug|Any CPU
		{EAD4719D-F053-4F3F-AC05-7C3491AF01AD}.Ad-Hoc|iPhone.ActiveCfg = Debug|Any CPU
		{EAD4719D-F053-4F3F-AC05-7C3491AF01AD}.Ad-Hoc|iPhone.Build.0 = Debug|Any CPU
		{EAD4719D-F053-4F3F-AC05-7C3491AF01AD}.Ad-Hoc|iPhone.Deploy.0 = Debug|Any CPU
		{EAD4719D-F053-4F3F-AC05-7C3491AF01AD}.Ad-Hoc|iPhoneSimulator.ActiveCfg = Debug|Any CPU
		{EAD4719D-F053-4F3F-AC05-7C3491AF01AD}.Ad-Hoc|iPhoneSimulator.Build.0 = Debug|Any CPU
		{EAD4719D-F053-4F3F-AC05-7C3491AF01AD}.Ad-Hoc|iPhoneSimulator.Deploy.0 = Debug|Any CPU
		{EAD4719D-F053-4F3F-AC05-7C3491AF01AD}.Ad-Hoc|x64.ActiveCfg = Debug|Any CPU
		{EAD4719D-F053-4F3F-AC05-7C3491AF01AD}.Ad-Hoc|x64.Build.0 = Debug|Any CPU
		{EAD4719D-F053-4F3F-AC05-7C3491AF01AD}.Ad-Hoc|x64.Deploy.0 = Debug|Any CPU
		{EAD4719D-F053-4F3F-AC05-7C3491AF01AD}.Ad-Hoc|x86.ActiveCfg = Debug|Any CPU
		{EAD4719D-F053-4F3F-AC05-7C3491AF01AD}.Ad-Hoc|x86.Build.0 = Debug|Any CPU
		{EAD4719D-F053-4F3F-AC05-7C3491AF01AD}.Ad-Hoc|x86.Deploy.0 = Debug|Any CPU
		{EAD4719D-F053-4F3F-AC05-7C3491AF01AD}.AppStore|Any CPU.ActiveCfg = Debug|Any CPU
		{EAD4719D-F053-4F3F-AC05-7C3491AF01AD}.AppStore|Any CPU.Build.0 = Debug|Any CPU
		{EAD4719D-F053-4F3F-AC05-7C3491AF01AD}.AppStore|Any CPU.Deploy.0 = Debug|Any CPU
		{EAD4719D-F053-4F3F-AC05-7C3491AF01AD}.AppStore|ARM.ActiveCfg = Debug|Any CPU
		{EAD4719D-F053-4F3F-AC05-7C3491AF01AD}.AppStore|ARM.Build.0 = Debug|Any CPU
		{EAD4719D-F053-4F3F-AC05-7C3491AF01AD}.AppStore|ARM.Deploy.0 = Debug|Any CPU
		{EAD4719D-F053-4F3F-AC05-7C3491AF01AD}.AppStore|iPhone.ActiveCfg = Debug|Any CPU
		{EAD4719D-F053-4F3F-AC05-7C3491AF01AD}.AppStore|iPhone.Build.0 = Debug|Any CPU
		{EAD4719D-F053-4F3F-AC05-7C3491AF01AD}.AppStore|iPhone.Deploy.0 = Debug|Any CPU
		{EAD4719D-F053-4F3F-AC05-7C3491AF01AD}.AppStore|iPhoneSimulator.ActiveCfg = Debug|Any CPU
		{EAD4719D-F053-4F3F-AC05-7C3491AF01AD}.AppStore|iPhoneSimulator.Build.0 = Debug|Any CPU
		{EAD4719D-F053-4F3F-AC05-7C3491AF01AD}.AppStore|iPhoneSimulator.Deploy.0 = Debug|Any CPU
		{EAD4719D-F053-4F3F-AC05-7C3491AF01AD}.AppStore|x64.ActiveCfg = Debug|Any CPU
		{EAD4719D-F053-4F3F-AC05-7C3491AF01AD}.AppStore|x64.Build.0 = Debug|Any CPU
		{EAD4719D-F053-4F3F-AC05-7C3491AF01AD}.AppStore|x64.Deploy.0 = Debug|Any CPU
		{EAD4719D-F053-4F3F-AC05-7C3491AF01AD}.AppStore|x86.ActiveCfg = Debug|Any CPU
		{EAD4719D-F053-4F3F-AC05-7C3491AF01AD}.AppStore|x86.Build.0 = Debug|Any CPU
		{EAD4719D-F053-4F3F-AC05-7C3491AF01AD}.AppStore|x86.Deploy.0 = Debug|Any CPU
		{EAD4719D-F053-4F3F-AC05-7C3491AF01AD}.Debug|Any CPU.ActiveCfg = Debug|Any CPU
		{EAD4719D-F053-4F3F-AC05-7C3491AF01AD}.Debug|Any CPU.Build.0 = Debug|Any CPU
		{EAD4719D-F053-4F3F-AC05-7C3491AF01AD}.Debug|Any CPU.Deploy.0 = Debug|Any CPU
		{EAD4719D-F053-4F3F-AC05-7C3491AF01AD}.Debug|ARM.ActiveCfg = Debug|Any CPU
		{EAD4719D-F053-4F3F-AC05-7C3491AF01AD}.Debug|ARM.Build.0 = Debug|Any CPU
		{EAD4719D-F053-4F3F-AC05-7C3491AF01AD}.Debug|ARM.Deploy.0 = Debug|Any CPU
		{EAD4719D-F053-4F3F-AC05-7C3491AF01AD}.Debug|iPhone.ActiveCfg = Debug|Any CPU
		{EAD4719D-F053-4F3F-AC05-7C3491AF01AD}.Debug|iPhone.Build.0 = Debug|Any CPU
		{EAD4719D-F053-4F3F-AC05-7C3491AF01AD}.Debug|iPhone.Deploy.0 = Debug|Any CPU
		{EAD4719D-F053-4F3F-AC05-7C3491AF01AD}.Debug|iPhoneSimulator.ActiveCfg = Debug|Any CPU
		{EAD4719D-F053-4F3F-AC05-7C3491AF01AD}.Debug|iPhoneSimulator.Build.0 = Debug|Any CPU
		{EAD4719D-F053-4F3F-AC05-7C3491AF01AD}.Debug|iPhoneSimulator.Deploy.0 = Debug|Any CPU
		{EAD4719D-F053-4F3F-AC05-7C3491AF01AD}.Debug|x64.ActiveCfg = Debug|Any CPU
		{EAD4719D-F053-4F3F-AC05-7C3491AF01AD}.Debug|x64.Build.0 = Debug|Any CPU
		{EAD4719D-F053-4F3F-AC05-7C3491AF01AD}.Debug|x64.Deploy.0 = Debug|Any CPU
		{EAD4719D-F053-4F3F-AC05-7C3491AF01AD}.Debug|x86.ActiveCfg = Debug|Any CPU
		{EAD4719D-F053-4F3F-AC05-7C3491AF01AD}.Debug|x86.Build.0 = Debug|Any CPU
		{EAD4719D-F053-4F3F-AC05-7C3491AF01AD}.Debug|x86.Deploy.0 = Debug|Any CPU
		{EAD4719D-F053-4F3F-AC05-7C3491AF01AD}.Release|Any CPU.ActiveCfg = Release|Any CPU
		{EAD4719D-F053-4F3F-AC05-7C3491AF01AD}.Release|Any CPU.Build.0 = Release|Any CPU
		{EAD4719D-F053-4F3F-AC05-7C3491AF01AD}.Release|Any CPU.Deploy.0 = Release|Any CPU
		{EAD4719D-F053-4F3F-AC05-7C3491AF01AD}.Release|ARM.ActiveCfg = Release|Any CPU
		{EAD4719D-F053-4F3F-AC05-7C3491AF01AD}.Release|ARM.Build.0 = Release|Any CPU
		{EAD4719D-F053-4F3F-AC05-7C3491AF01AD}.Release|ARM.Deploy.0 = Release|Any CPU
		{EAD4719D-F053-4F3F-AC05-7C3491AF01AD}.Release|iPhone.ActiveCfg = Release|Any CPU
		{EAD4719D-F053-4F3F-AC05-7C3491AF01AD}.Release|iPhone.Build.0 = Release|Any CPU
		{EAD4719D-F053-4F3F-AC05-7C3491AF01AD}.Release|iPhone.Deploy.0 = Release|Any CPU
		{EAD4719D-F053-4F3F-AC05-7C3491AF01AD}.Release|iPhoneSimulator.ActiveCfg = Release|Any CPU
		{EAD4719D-F053-4F3F-AC05-7C3491AF01AD}.Release|iPhoneSimulator.Build.0 = Release|Any CPU
		{EAD4719D-F053-4F3F-AC05-7C3491AF01AD}.Release|iPhoneSimulator.Deploy.0 = Release|Any CPU
		{EAD4719D-F053-4F3F-AC05-7C3491AF01AD}.Release|x64.ActiveCfg = Release|Any CPU
		{EAD4719D-F053-4F3F-AC05-7C3491AF01AD}.Release|x64.Build.0 = Release|Any CPU
		{EAD4719D-F053-4F3F-AC05-7C3491AF01AD}.Release|x64.Deploy.0 = Release|Any CPU
		{EAD4719D-F053-4F3F-AC05-7C3491AF01AD}.Release|x86.ActiveCfg = Release|Any CPU
		{EAD4719D-F053-4F3F-AC05-7C3491AF01AD}.Release|x86.Build.0 = Release|Any CPU
		{EAD4719D-F053-4F3F-AC05-7C3491AF01AD}.Release|x86.Deploy.0 = Release|Any CPU
	EndGlobalSection
	GlobalSection(SolutionProperties) = preSolution
		HideSolutionNode = FALSE
	EndGlobalSection
	GlobalSection(ExtensibilityGlobals) = postSolution
		SolutionGuid = {465D9068-140A-42B7-A469-9790AD79C15F}
	EndGlobalSection
EndGlobal
